
Microsoft Visual Studio Solution File, Format Version 12.00
# Visual Studio Version 16
VisualStudioVersion = 16.0.32106.194
MinimumVisualStudioVersion = 10.0.40219.1
Project("{FAE04EC0-301F-11D3-BF4B-00C04F79EFBC}") = "Chord Generator", "Chord Generator.csproj", "{7CDC0EA3-A612-4622-8E90-622D56B656BA}"
EndProject
Global
	GlobalSection(SolutionConfigurationPlatforms) = preSolution
		Debug|Any CPU = Debug|Any CPU
		Release|Any CPU = Release|Any CPU
	EndGlobalSection
	GlobalSection(ProjectConfigurationPlatforms) = postSolution
		{7CDC0EA3-A612-4622-8E90-622D56B656BA}.Debug|Any CPU.ActiveCfg = Debug|Any CPU
		{7CDC0EA3-A612-4622-8E90-622D56B656BA}.Debug|Any CPU.Build.0 = Debug|Any CPU
		{7CDC0EA3-A612-4622-8E90-622D56B656BA}.Release|Any CPU.ActiveCfg = Release|Any CPU
		{7CDC0EA3-A612-4622-8E90-622D56B656BA}.Release|Any CPU.Build.0 = Release|Any CPU
	EndGlobalSection
	GlobalSection(SolutionProperties) = preSolution
		HideSolutionNode = FALSE
	EndGlobalSection
	GlobalSection(ExtensibilityGlobals) = postSolution
		SolutionGuid = {12536341-DC4D-4DF7-BCA0-252F4DD402FB}
	EndGlobalSection
EndGlobal
